
Microsoft Visual Studio Solution File, Format Version 12.00
# Visual Studio Version 16
VisualStudioVersion = 16.0.30330.147
MinimumVisualStudioVersion = 10.0.40219.1
Project("{FAE04EC0-301F-11D3-BF4B-00C04F79EFBC}") = "CadastroPessoa.API", "CadastroPessoa.API\CadastroPessoa.API.csproj", "{CD19DBDF-32BF-48CC-B639-30DD1598D761}"
EndProject
Project("{FAE04EC0-301F-11D3-BF4B-00C04F79EFBC}") = "CadastroPessoa.Data", "CadastroPessoa.Data\CadastroPessoa.Data.csproj", "{B4E628A5-F2A9-461D-8948-C397819207D7}"
EndProject
Global
	GlobalSection(SolutionConfigurationPlatforms) = preSolution
		Debug|Any CPU = Debug|Any CPU
		Release|Any CPU = Release|Any CPU
	EndGlobalSection
	GlobalSection(ProjectConfigurationPlatforms) = postSolution
		{CD19DBDF-32BF-48CC-B639-30DD1598D761}.Debug|Any CPU.ActiveCfg = Debug|Any CPU
		{CD19DBDF-32BF-48CC-B639-30DD1598D761}.Debug|Any CPU.Build.0 = Debug|Any CPU
		{CD19DBDF-32BF-48CC-B639-30DD1598D761}.Release|Any CPU.ActiveCfg = Release|Any CPU
		{CD19DBDF-32BF-48CC-B639-30DD1598D761}.Release|Any CPU.Build.0 = Release|Any CPU
		{B4E628A5-F2A9-461D-8948-C397819207D7}.Debug|Any CPU.ActiveCfg = Debug|Any CPU
		{B4E628A5-F2A9-461D-8948-C397819207D7}.Debug|Any CPU.Build.0 = Debug|Any CPU
		{B4E628A5-F2A9-461D-8948-C397819207D7}.Release|Any CPU.ActiveCfg = Release|Any CPU
		{B4E628A5-F2A9-461D-8948-C397819207D7}.Release|Any CPU.Build.0 = Release|Any CPU
	EndGlobalSection
	GlobalSection(SolutionProperties) = preSolution
		HideSolutionNode = FALSE
	EndGlobalSection
	GlobalSection(ExtensibilityGlobals) = postSolution
		SolutionGuid = {D86C8045-D542-41D3-8842-9E611D7C37E6}
	EndGlobalSection
EndGlobal
